<?xml version="1.0" encoding="utf-8"?>
<Project ToolsVersion="4.0" xmlns="http://schemas.microsoft.com/developer/msbuild/2003">
  <ItemGroup>
    <ClCompile Include="..\Dependencies\glad\src\glad.c">
      <Filter>_Dependencies</Filter>
    </ClCompile>
    <ClCompile Include="..\Src\Render\Shader.cpp">
      <Filter>Render</Filter>
    </ClCompile>
    <ClCompile Include="..\Src\main.cpp" />
    <ClCompile Include="..\Src\App.cpp" />
    <ClCompile Include="..\Src\Platform\Platform_SDL.cpp">
      <Filter>Platform</Filter>
    </ClCompile>
    <ClCompile Include="..\Src\Platform\Window_SDL_GL.cpp">
      <Filter>Platform</Filter>
    </ClCompile>
    <ClCompile Include="..\Src\Logic\Scene.cpp">
      <Filter>Logic</Filter>
    </ClCompile>
    <ClCompile Include="..\Src\Logic\Transform.cpp">
      <Filter>Logic</Filter>
    </ClCompile>
    <ClCompile Include="..\Src\Logic\Node.cpp">
      <Filter>Logic</Filter>
    </ClCompile>
    <ClCompile Include="..\Src\LogicScenes\SampleScene.cpp">
      <Filter>LogicScenes</Filter>
    </ClCompile>
    <ClCompile Include="..\Src\LogicNodes\TriangleRGB.cpp">
      <Filter>LogicNodes</Filter>
    </ClCompile>
    <ClCompile Include="..\Src\LogicNodes\Triangle.cpp">
      <Filter>LogicNodes</Filter>
    </ClCompile>
    <ClCompile Include="..\Src\LogicNodes\SquareAnimated.cpp">
      <Filter>LogicNodes</Filter>
    </ClCompile>
    <ClCompile Include="..\Src\Render\Texture.cpp">
      <Filter>Render</Filter>
    </ClCompile>
    <ClCompile Include="..\Src\LogicNodes\SquareTextured.cpp">
      <Filter>LogicNodes</Filter>
    </ClCompile>
    <ClCompile Include="..\Src\LogicNodes\Cubes3D.cpp">
      <Filter>LogicNodes</Filter>
    </ClCompile>
  </ItemGroup>
  <ItemGroup>
    <Filter Include="_Dependencies">
      <UniqueIdentifier>{3c7fb900-ff10-495b-80c0-09b6b9a61cf3}</UniqueIdentifier>
    </Filter>
    <Filter Include="Render">
      <UniqueIdentifier>{90dea084-eac4-4373-98fb-8befa08ac079}</UniqueIdentifier>
    </Filter>
    <Filter Include="Platform">
      <UniqueIdentifier>{c3ebe2b0-7558-44fa-9ac3-e9ffb21a8ef7}</UniqueIdentifier>
    </Filter>
    <Filter Include="Logic">
      <UniqueIdentifier>{98b63765-c1b6-4904-b4d3-648315d9404c}</UniqueIdentifier>
    </Filter>
    <Filter Include="LogicNodes">
      <UniqueIdentifier>{79e22ac7-8594-41cb-8731-51a8fea4ecce}</UniqueIdentifier>
    </Filter>
    <Filter Include="LogicScenes">
      <UniqueIdentifier>{bab30db9-4203-4362-8a1d-7164ac1dde2c}</UniqueIdentifier>
    </Filter>
  </ItemGroup>
  <ItemGroup>
    <ClInclude Include="..\Dependencies\stb\stb.h">
      <Filter>_Dependencies</Filter>
    </ClInclude>
    <ClInclude Include="..\Src\Render\Shader.h">
      <Filter>Render</Filter>
    </ClInclude>
    <ClInclude Include="..\Src\App.h" />
    <ClInclude Include="..\Src\Platform\Platform_SDL.h">
      <Filter>Platform</Filter>
    </ClInclude>
    <ClInclude Include="..\Src\Platform\Window_SDL_GL.h">
      <Filter>Platform</Filter>
    </ClInclude>
    <ClInclude Include="..\Src\Logic\Scene.h">
      <Filter>Logic</Filter>
    </ClInclude>
    <ClInclude Include="..\Src\Logic\Transform.h">
      <Filter>Logic</Filter>
    </ClInclude>
    <ClInclude Include="..\Src\Logic\Node.h">
      <Filter>Logic</Filter>
    </ClInclude>
    <ClInclude Include="..\Src\LogicScenes\SampleScene.h">
      <Filter>LogicScenes</Filter>
    </ClInclude>
    <ClInclude Include="..\Src\LogicNodes\TriangleRGB.h">
      <Filter>LogicNodes</Filter>
    </ClInclude>
    <ClInclude Include="..\Src\LogicNodes\Triangle.h">
      <Filter>LogicNodes</Filter>
    </ClInclude>
    <ClInclude Include="..\Src\LogicNodes\SquareAnimated.h">
      <Filter>LogicNodes</Filter>
    </ClInclude>
    <ClInclude Include="..\Src\Render\Texture.h">
      <Filter>Render</Filter>
    </ClInclude>
    <ClInclude Include="..\Src\LogicNodes\SquareTextured.h">
      <Filter>LogicNodes</Filter>
    </ClInclude>
    <ClInclude Include="..\Src\LogicNodes\Cubes3D.h">
      <Filter>LogicNodes</Filter>
    </ClInclude>
  </ItemGroup>
</Project>